
Microsoft Visual Studio Solution File, Format Version 12.00
# Visual Studio Version 17
VisualStudioVersion = 17.1.32414.318
MinimumVisualStudioVersion = 10.0.40219.1
Project("{2150E333-8FDC-42A3-9474-1A3956D46DE8}") = "src", "src", "{1540DFBB-18D1-44F7-840F-D8F30E5B3CC5}"
EndProject
Project("{2150E333-8FDC-42A3-9474-1A3956D46DE8}") = "test", "test", "{D84552C4-16AC-44EC-B822-7C55B8561B66}"
EndProject
Project("{2150E333-8FDC-42A3-9474-1A3956D46DE8}") = "Solution Items", "Solution Items", "{67A65587-1818-4B09-82F6-8CA5AEA36DAA}"
	ProjectSection(SolutionItems) = preProject
		CreateLocalPackages.ps1 = CreateLocalPackages.ps1
		nuget.config = nuget.config
		README.md = README.md
		UpdateNuspecVersion.ps1 = UpdateNuspecVersion.ps1
	EndProjectSection
EndProject
Project("{9A19103F-16F7-4668-BE54-9A1E7A4F7556}") = "LagoVista.CloudStorage", "src\LagoVista.CloudStorage\LagoVista.CloudStorage.csproj", "{F455BE4A-2F7F-436C-989E-66920E27E541}"
EndProject
Project("{9A19103F-16F7-4668-BE54-9A1E7A4F7556}") = "ThrowAway", "ThrowAway\ThrowAway.csproj", "{403E64C6-81C7-481E-AC19-D16814CDB6B2}"
EndProject
Project("{FAE04EC0-301F-11D3-BF4B-00C04F79EFBC}") = "LagoVista.CloudStorage.IntegrationTests", "tests\LagoVista.CloudStorage.Tests\LagoVista.CloudStorage.IntegrationTests.csproj", "{F6EF035D-ECF7-4243-8FB1-788C3F7E9474}"
EndProject
Global
	GlobalSection(SolutionConfigurationPlatforms) = preSolution
		Debug|Any CPU = Debug|Any CPU
		Release|Any CPU = Release|Any CPU
	EndGlobalSection
	GlobalSection(ProjectConfigurationPlatforms) = postSolution
		{F455BE4A-2F7F-436C-989E-66920E27E541}.Debug|Any CPU.ActiveCfg = Debug|Any CPU
		{F455BE4A-2F7F-436C-989E-66920E27E541}.Debug|Any CPU.Build.0 = Debug|Any CPU
		{F455BE4A-2F7F-436C-989E-66920E27E541}.Release|Any CPU.ActiveCfg = Release|Any CPU
		{F455BE4A-2F7F-436C-989E-66920E27E541}.Release|Any CPU.Build.0 = Release|Any CPU
		{403E64C6-81C7-481E-AC19-D16814CDB6B2}.Debug|Any CPU.ActiveCfg = Debug|Any CPU
		{403E64C6-81C7-481E-AC19-D16814CDB6B2}.Debug|Any CPU.Build.0 = Debug|Any CPU
		{403E64C6-81C7-481E-AC19-D16814CDB6B2}.Release|Any CPU.ActiveCfg = Release|Any CPU
		{403E64C6-81C7-481E-AC19-D16814CDB6B2}.Release|Any CPU.Build.0 = Release|Any CPU
		{F6EF035D-ECF7-4243-8FB1-788C3F7E9474}.Debug|Any CPU.ActiveCfg = Debug|Any CPU
		{F6EF035D-ECF7-4243-8FB1-788C3F7E9474}.Debug|Any CPU.Build.0 = Debug|Any CPU
		{F6EF035D-ECF7-4243-8FB1-788C3F7E9474}.Release|Any CPU.ActiveCfg = Release|Any CPU
		{F6EF035D-ECF7-4243-8FB1-788C3F7E9474}.Release|Any CPU.Build.0 = Release|Any CPU
	EndGlobalSection
	GlobalSection(SolutionProperties) = preSolution
		HideSolutionNode = FALSE
	EndGlobalSection
	GlobalSection(NestedProjects) = preSolution
		{F455BE4A-2F7F-436C-989E-66920E27E541} = {1540DFBB-18D1-44F7-840F-D8F30E5B3CC5}
		{403E64C6-81C7-481E-AC19-D16814CDB6B2} = {D84552C4-16AC-44EC-B822-7C55B8561B66}
		{F6EF035D-ECF7-4243-8FB1-788C3F7E9474} = {D84552C4-16AC-44EC-B822-7C55B8561B66}
	EndGlobalSection
	GlobalSection(ExtensibilityGlobals) = postSolution
		SolutionGuid = {BA819EEE-F150-4AD6-94DD-8B2FE92A86EE}
	EndGlobalSection
EndGlobal
